Microsoft Visual Studio Solution File, Format Version 12.00
# Visual Studio Version 17
VisualStudioVersion = 17.5.2.0
MinimumVisualStudioVersion = 10.0.40219.1
Project("{FAE04EC0-301F-11D3-BF4B-00C04F79EFBC}") = "abstract-classes", "abstract-classes.csproj", "{5B5F13A4-3B86-F61E-E6B5-71CDA3C7F13A}"
EndProject
Global
	GlobalSection(SolutionConfigurationPlatforms) = preSolution
		Debug|Any CPU = Debug|Any CPU
		Release|Any CPU = Release|Any CPU
	EndGlobalSection
	GlobalSection(ProjectConfigurationPlatforms) = postSolution
		{5B5F13A4-3B86-F61E-E6B5-71CDA3C7F13A}.Debug|Any CPU.ActiveCfg = Debug|Any CPU
		{5B5F13A4-3B86-F61E-E6B5-71CDA3C7F13A}.Debug|Any CPU.Build.0 = Debug|Any CPU
		{5B5F13A4-3B86-F61E-E6B5-71CDA3C7F13A}.Release|Any CPU.ActiveCfg = Release|Any CPU
		{5B5F13A4-3B86-F61E-E6B5-71CDA3C7F13A}.Release|Any CPU.Build.0 = Release|Any CPU
	EndGlobalSection
	GlobalSection(SolutionProperties) = preSolution
		HideSolutionNode = FALSE
	EndGlobalSection
	GlobalSection(ExtensibilityGlobals) = postSolution
		SolutionGuid = {45E0285A-7C1D-4B88-AC25-BE7A3919C7B8}
	EndGlobalSection
EndGlobal
