Microsoft Visual Studio Solution File, Format Version 12.00
# Visual Studio Version 17
VisualStudioVersion = 17.5.2.0
MinimumVisualStudioVersion = 10.0.40219.1
Project("{FAE04EC0-301F-11D3-BF4B-00C04F79EFBC}") = "generic", "generic.csproj", "{5F3518FE-D880-252C-E1C8-9A3A947AC2AF}"
EndProject
Global
	GlobalSection(SolutionConfigurationPlatforms) = preSolution
		Debug|Any CPU = Debug|Any CPU
		Release|Any CPU = Release|Any CPU
	EndGlobalSection
	GlobalSection(ProjectConfigurationPlatforms) = postSolution
		{5F3518FE-D880-252C-E1C8-9A3A947AC2AF}.Debug|Any CPU.ActiveCfg = Debug|Any CPU
		{5F3518FE-D880-252C-E1C8-9A3A947AC2AF}.Debug|Any CPU.Build.0 = Debug|Any CPU
		{5F3518FE-D880-252C-E1C8-9A3A947AC2AF}.Release|Any CPU.ActiveCfg = Release|Any CPU
		{5F3518FE-D880-252C-E1C8-9A3A947AC2AF}.Release|Any CPU.Build.0 = Release|Any CPU
	EndGlobalSection
	GlobalSection(SolutionProperties) = preSolution
		HideSolutionNode = FALSE
	EndGlobalSection
	GlobalSection(ExtensibilityGlobals) = postSolution
		SolutionGuid = {F38E3A40-59E0-42D0-A07A-DFCCFC094FE9}
	EndGlobalSection
EndGlobal
